// !$*UTF8*$!
{
	archiveVersion = 1;
	classes = {
	};
	objectVersion = 50;
	objects = {

/* Begin PBXBuildFile section */
		0F50EB3FE1CA64285EE35569 /* Pods_EmailValidatorObjCTests.framework in Frameworks */ = {isa = PBXBuildFile; fileRef = 25F7D2F73C193CD0AC1DAE74 /* Pods_EmailValidatorObjCTests.framework */; };
		4D2E635121ABB66B0029EFB2 /* AppDelegate.m in Sources */ = {isa = PBXBuildFile; fileRef = 4D2E635021ABB66B0029EFB2 /* AppDelegate.m */; };
		4D2E635421ABB66B0029EFB2 /* FirstViewController.m in Sources */ = {isa = PBXBuildFile; fileRef = 4D2E635321ABB66B0029EFB2 /* FirstViewController.m */; };
		4D2E635721ABB66B0029EFB2 /* SecondViewController.m in Sources */ = {isa = PBXBuildFile; fileRef = 4D2E635621ABB66B0029EFB2 /* SecondViewController.m */; };
		4D2E635A21ABB66B0029EFB2 /* Main.storyboard in Resources */ = {isa = PBXBuildFile; fileRef = 4D2E635821ABB66B0029EFB2 /* Main.storyboard */; };
		4D2E635C21ABB66C0029EFB2 /* Assets.xcassets in Resources */ = {isa = PBXBuildFile; fileRef = 4D2E635B21ABB66C0029EFB2 /* Assets.xcassets */; };
		4D2E635F21ABB66C0029EFB2 /* LaunchScreen.storyboard in Resources */ = {isa = PBXBuildFile; fileRef = 4D2E635D21ABB66C0029EFB2 /* LaunchScreen.storyboard */; };
		4D2E636221ABB66C0029EFB2 /* main.m in Sources */ = {isa = PBXBuildFile; fileRef = 4D2E636121ABB66C0029EFB2 /* main.m */; };
		4D2E636C21ABB66C0029EFB2 /* EmailValidatorObjCTests.m in Sources */ = {isa = PBXBuildFile; fileRef = 4D2E636B21ABB66C0029EFB2 /* EmailValidatorObjCTests.m */; };
		4D2E637721ABB66C0029EFB2 /* EmailValidatorObjCUITests.m in Sources */ = {isa = PBXBuildFile; fileRef = 4D2E637621ABB66C0029EFB2 /* EmailValidatorObjCUITests.m */; };
		6AC56BB0CCE665A3DD7BF81E /* Pods_EmailValidatorObjC.framework in Frameworks */ = {isa = PBXBuildFile; fileRef = 60AFB957CEEC3CE7D1459CB5 /* Pods_EmailValidatorObjC.framework */; };
		9E7CFA1903CACA72FA3E397E /* Pods_EmailValidatorObjCUITests.framework in Frameworks */ = {isa = PBXBuildFile; fileRef = 357B5266A30B58F7FD6D3779 /* Pods_EmailValidatorObjCUITests.framework */; };
/* End PBXBuildFile section */

/* Begin PBXContainerItemProxy section */
		4D2E636821ABB66C0029EFB2 /* PBXContainerItemProxy */ = {
			isa = PBXContainerItemProxy;
			containerPortal = 4D2E634421ABB66B0029EFB2 /* Project object */;
			proxyType = 1;
			remoteGlobalIDString = 4D2E634B21ABB66B0029EFB2;
			remoteInfo = EmailValidatorObjC;
		};
		4D2E637321ABB66C0029EFB2 /* PBXContainerItemProxy */ = {
			isa = PBXContainerItemProxy;
			containerPortal = 4D2E634421ABB66B0029EFB2 /* Project object */;
			proxyType = 1;
			remoteGlobalIDString = 4D2E634B21ABB66B0029EFB2;
			remoteInfo = EmailValidatorObjC;
		};
/* End PBXContainerItemProxy section */

/* Begin PBXFileReference section */
		0434743E4908FC155DE873C7 /* Pods-EmailValidatorObjC.debug.xcconfig */ = {isa = PBXFileReference; includeInIndex = 1; lastKnownFileType = text.xcconfig; name = "Pods-EmailValidatorObjC.debug.xcconfig"; path = "../Pods/Target Support Files/Pods-EmailValidatorObjC/Pods-EmailValidatorObjC.debug.xcconfig"; sourceTree = "<group>"; };
		0CCB0A881D2B4EA0DB893818 /* Pods-EmailValidatorObjCTests.debug.xcconfig */ = {isa = PBXFileReference; includeInIndex = 1; lastKnownFileType = text.xcconfig; name = "Pods-EmailValidatorObjCTests.debug.xcconfig"; path = "../Pods/Target Support Files/Pods-EmailValidatorObjCTests/Pods-EmailValidatorObjCTests.debug.xcconfig"; sourceTree = "<group>"; };
		25F7D2F73C193CD0AC1DAE74 /* Pods_EmailValidatorObjCTests.framework */ = {isa = PBXFileReference; explicitFileType = wrapper.framework; includeInIndex = 0; path = Pods_EmailValidatorObjCTests.framework; sourceTree = BUILT_PRODUCTS_DIR; };
		2E5603BF5E61673B9E10A85C /* Pods-EmailValidatorObjCTests.release.xcconfig */ = {isa = PBXFileReference; includeInIndex = 1; lastKnownFileType = text.xcconfig; name = "Pods-EmailValidatorObjCTests.release.xcconfig"; path = "../Pods/Target Support Files/Pods-EmailValidatorObjCTests/Pods-EmailValidatorObjCTests.release.xcconfig"; sourceTree = "<group>"; };
		357B5266A30B58F7FD6D3779 /* Pods_EmailValidatorObjCUITests.framework */ = {isa = PBXFileReference; explicitFileType = wrapper.framework; includeInIndex = 0; path = Pods_EmailValidatorObjCUITests.framework; sourceTree = BUILT_PRODUCTS_DIR; };
		4D2E634C21ABB66B0029EFB2 /* EmailValidatorObjC.app */ = {isa = PBXFileReference; explicitFileType = wrapper.application; includeInIndex = 0; path = EmailValidatorObjC.app; sourceTree = BUILT_PRODUCTS_DIR; };
		4D2E634F21ABB66B0029EFB2 /* AppDelegate.h */ = {isa = PBXFileReference; lastKnownFileType = sourcecode.c.h; path = AppDelegate.h; sourceTree = "<group>"; };
		4D2E635021ABB66B0029EFB2 /* AppDelegate.m */ = {isa = PBXFileReference; lastKnownFileType = sourcecode.c.objc; path = AppDelegate.m; sourceTree = "<group>"; };
		4D2E635221ABB66B0029EFB2 /* FirstViewController.h */ = {isa = PBXFileReference; lastKnownFileType = sourcecode.c.h; path = FirstViewController.h; sourceTree = "<group>"; };
		4D2E635321ABB66B0029EFB2 /* FirstViewController.m */ = {isa = PBXFileReference; lastKnownFileType = sourcecode.c.objc; path = FirstViewController.m; sourceTree = "<group>"; };
		4D2E635521ABB66B0029EFB2 /* SecondViewController.h */ = {isa = PBXFileReference; lastKnownFileType = sourcecode.c.h; path = SecondViewController.h; sourceTree = "<group>"; };
		4D2E635621ABB66B0029EFB2 /* SecondViewController.m */ = {isa = PBXFileReference; lastKnownFileType = sourcecode.c.objc; path = SecondViewController.m; sourceTree = "<group>"; };
		4D2E635921ABB66B0029EFB2 /* Base */ = {isa = PBXFileReference; lastKnownFileType = file.storyboard; name = Base; path = Base.lproj/Main.storyboard; sourceTree = "<group>"; };
		4D2E635B21ABB66C0029EFB2 /* Assets.xcassets */ = {isa = PBXFileReference; lastKnownFileType = folder.assetcatalog; path = Assets.xcassets; sourceTree = "<group>"; };
		4D2E635E21ABB66C0029EFB2 /* Base */ = {isa = PBXFileReference; lastKnownFileType = file.storyboard; name = Base; path = Base.lproj/LaunchScreen.storyboard; sourceTree = "<group>"; };
		4D2E636021ABB66C0029EFB2 /* Info.plist */ = {isa = PBXFileReference; lastKnownFileType = text.plist.xml; path = Info.plist; sourceTree = "<group>"; };
		4D2E636121ABB66C0029EFB2 /* main.m */ = {isa = PBXFileReference; lastKnownFileType = sourcecode.c.objc; path = main.m; sourceTree = "<group>"; };
		4D2E636721ABB66C0029EFB2 /* EmailValidatorObjCTests.xctest */ = {isa = PBXFileReference; explicitFileType = wrapper.cfbundle; includeInIndex = 0; path = EmailValidatorObjCTests.xctest; sourceTree = BUILT_PRODUCTS_DIR; };
		4D2E636B21ABB66C0029EFB2 /* EmailValidatorObjCTests.m */ = {isa = PBXFileReference; lastKnownFileType = sourcecode.c.objc; path = EmailValidatorObjCTests.m; sourceTree = "<group>"; };
		4D2E636D21ABB66C0029EFB2 /* Info.plist */ = {isa = PBXFileReference; lastKnownFileType = text.plist.xml; path = Info.plist; sourceTree = "<group>"; };
		4D2E637221ABB66C0029EFB2 /* EmailValidatorObjCUITests.xctest */ = {isa = PBXFileReference; explicitFileType = wrapper.cfbundle; includeInIndex = 0; path = EmailValidatorObjCUITests.xctest; sourceTree = BUILT_PRODUCTS_DIR; };
		4D2E637621ABB66C0029EFB2 /* EmailValidatorObjCUITests.m */ = {isa = PBXFileReference; lastKnownFileType = sourcecode.c.objc; path = EmailValidatorObjCUITests.m; sourceTree = "<group>"; };
		4D2E637821ABB66C0029EFB2 /* Info.plist */ = {isa = PBXFileReference; lastKnownFileType = text.plist.xml; path = Info.plist; sourceTree = "<group>"; };
		5F54F65F85F9316F4EFB95C3 /* Pods-EmailValidatorObjCUITests.release.xcconfig */ = {isa = PBXFileReference; includeInIndex = 1; lastKnownFileType = text.xcconfig; name = "Pods-EmailValidatorObjCUITests.release.xcconfig"; path = "../Pods/Target Support Files/Pods-EmailValidatorObjCUITests/Pods-EmailValidatorObjCUITests.release.xcconfig"; sourceTree = "<group>"; };
		60AFB957CEEC3CE7D1459CB5 /* Pods_EmailValidatorObjC.framework */ = {isa = PBXFileReference; explicitFileType = wrapper.framework; includeInIndex = 0; path = Pods_EmailValidatorObjC.framework; sourceTree = BUILT_PRODUCTS_DIR; };
		A71B0AABB37A978E8DC9B3E9 /* Pods-EmailValidatorObjCUITests.debug.xcconfig */ = {isa = PBXFileReference; includeInIndex = 1; lastKnownFileType = text.xcconfig; name = "Pods-EmailValidatorObjCUITests.debug.xcconfig"; path = "../Pods/Target Support Files/Pods-EmailValidatorObjCUITests/Pods-EmailValidatorObjCUITests.debug.xcconfig"; sourceTree = "<group>"; };
		C2C4D98C49665C551A1CF7BA /* Pods-EmailValidatorObjC.release.xcconfig */ = {isa = PBXFileReference; includeInIndex = 1; lastKnownFileType = text.xcconfig; name = "Pods-EmailValidatorObjC.release.xcconfig"; path = "../Pods/Target Support Files/Pods-EmailValidatorObjC/Pods-EmailValidatorObjC.release.xcconfig"; sourceTree = "<group>"; };
/* End PBXFileReference section */

/* Begin PBXFrameworksBuildPhase section */
		4D2E634921ABB66B0029EFB2 /* Frameworks */ = {
			isa = PBXFrameworksBuildPhase;
			buildActionMask = 2147483647;
			files = (
				6AC56BB0CCE665A3DD7BF81E /* Pods_EmailValidatorObjC.framework in Frameworks */,
			);
			runOnlyForDeploymentPostprocessing = 0;
		};
		4D2E636421ABB66C0029EFB2 /* Frameworks */ = {
			isa = PBXFrameworksBuildPhase;
			buildActionMask = 2147483647;
			files = (
				0F50EB3FE1CA64285EE35569 /* Pods_EmailValidatorObjCTests.framework in Frameworks */,
			);
			runOnlyForDeploymentPostprocessing = 0;
		};
		4D2E636F21ABB66C0029EFB2 /* Frameworks */ = {
			isa = PBXFrameworksBuildPhase;
			buildActionMask = 2147483647;
			files = (
				9E7CFA1903CACA72FA3E397E /* Pods_EmailValidatorObjCUITests.framework in Frameworks */,
			);
			runOnlyForDeploymentPostprocessing = 0;
		};
/* End PBXFrameworksBuildPhase section */

/* Begin PBXGroup section */
		2746AEB0A084B6BFCC4B24D2 /* Frameworks */ = {
			isa = PBXGroup;
			children = (
				60AFB957CEEC3CE7D1459CB5 /* Pods_EmailValidatorObjC.framework */,
				25F7D2F73C193CD0AC1DAE74 /* Pods_EmailValidatorObjCTests.framework */,
				357B5266A30B58F7FD6D3779 /* Pods_EmailValidatorObjCUITests.framework */,
			);
			name = Frameworks;
			sourceTree = "<group>";
		};
		4D2E634321ABB66B0029EFB2 = {
			isa = PBXGroup;
			children = (
				4D2E634E21ABB66B0029EFB2 /* EmailValidatorObjC */,
				4D2E636A21ABB66C0029EFB2 /* EmailValidatorObjCTests */,
				4D2E637521ABB66C0029EFB2 /* EmailValidatorObjCUITests */,
				4D2E634D21ABB66B0029EFB2 /* Products */,
				BE31773417B4A0DFF0EDAAEF /* Pods */,
				2746AEB0A084B6BFCC4B24D2 /* Frameworks */,
			);
			sourceTree = "<group>";
		};
		4D2E634D21ABB66B0029EFB2 /* Products */ = {
			isa = PBXGroup;
			children = (
				4D2E634C21ABB66B0029EFB2 /* EmailValidatorObjC.app */,
				4D2E636721ABB66C0029EFB2 /* EmailValidatorObjCTests.xctest */,
				4D2E637221ABB66C0029EFB2 /* EmailValidatorObjCUITests.xctest */,
			);
			name = Products;
			sourceTree = "<group>";
		};
		4D2E634E21ABB66B0029EFB2 /* EmailValidatorObjC */ = {
			isa = PBXGroup;
			children = (
				4D2E634F21ABB66B0029EFB2 /* AppDelegate.h */,
				4D2E635021ABB66B0029EFB2 /* AppDelegate.m */,
				4D2E635221ABB66B0029EFB2 /* FirstViewController.h */,
				4D2E635321ABB66B0029EFB2 /* FirstViewController.m */,
				4D2E635521ABB66B0029EFB2 /* SecondViewController.h */,
				4D2E635621ABB66B0029EFB2 /* SecondViewController.m */,
				4D2E635821ABB66B0029EFB2 /* Main.storyboard */,
				4D2E635B21ABB66C0029EFB2 /* Assets.xcassets */,
				4D2E635D21ABB66C0029EFB2 /* LaunchScreen.storyboard */,
				4D2E636021ABB66C0029EFB2 /* Info.plist */,
				4D2E636121ABB66C0029EFB2 /* main.m */,
			);
			path = EmailValidatorObjC;
			sourceTree = "<group>";
		};
		4D2E636A21ABB66C0029EFB2 /* EmailValidatorObjCTests */ = {
			isa = PBXGroup;
			children = (
				4D2E636B21ABB66C0029EFB2 /* EmailValidatorObjCTests.m */,
				4D2E636D21ABB66C0029EFB2 /* Info.plist */,
			);
			path = EmailValidatorObjCTests;
			sourceTree = "<group>";
		};
		4D2E637521ABB66C0029EFB2 /* EmailValidatorObjCUITests */ = {
			isa = PBXGroup;
			children = (
				4D2E637621ABB66C0029EFB2 /* EmailValidatorObjCUITests.m */,
				4D2E637821ABB66C0029EFB2 /* Info.plist */,
			);
			path = EmailValidatorObjCUITests;
			sourceTree = "<group>";
		};
		BE31773417B4A0DFF0EDAAEF /* Pods */ = {
			isa = PBXGroup;
			children = (
				0434743E4908FC155DE873C7 /* Pods-EmailValidatorObjC.debug.xcconfig */,
				C2C4D98C49665C551A1CF7BA /* Pods-EmailValidatorObjC.release.xcconfig */,
				0CCB0A881D2B4EA0DB893818 /* Pods-EmailValidatorObjCTests.debug.xcconfig */,
				2E5603BF5E61673B9E10A85C /* Pods-EmailValidatorObjCTests.release.xcconfig */,
				A71B0AABB37A978E8DC9B3E9 /* Pods-EmailValidatorObjCUITests.debug.xcconfig */,
				5F54F65F85F9316F4EFB95C3 /* Pods-EmailValidatorObjCUITests.release.xcconfig */,
			);
			name = Pods;
			sourceTree = "<group>";
		};
/* End PBXGroup section */

/* Begin PBXNativeTarget section */
		4D2E634B21ABB66B0029EFB2 /* EmailValidatorObjC */ = {
			isa = PBXNativeTarget;
			buildConfigurationList = 4D2E637B21ABB66C0029EFB2 /* Build configuration list for PBXNativeTarget "EmailValidatorObjC" */;
			buildPhases = (
				90D4739A065AABCFF4B51F33 /* [CP] Check Pods Manifest.lock */,
				4D2E634821ABB66B0029EFB2 /* Sources */,
				4D2E634921ABB66B0029EFB2 /* Frameworks */,
				4D2E634A21ABB66B0029EFB2 /* Resources */,
			);
			buildRules = (
			);
			dependencies = (
			);
			name = EmailValidatorObjC;
			productName = EmailValidatorObjC;
			productReference = 4D2E634C21ABB66B0029EFB2 /* EmailValidatorObjC.app */;
			productType = "com.apple.product-type.application";
		};
		4D2E636621ABB66C0029EFB2 /* EmailValidatorObjCTests */ = {
			isa = PBXNativeTarget;
			buildConfigurationList = 4D2E637E21ABB66C0029EFB2 /* Build configuration list for PBXNativeTarget "EmailValidatorObjCTests" */;
			buildPhases = (
				A31337B1CEFAD55E63AF7A99 /* [CP] Check Pods Manifest.lock */,
				4D2E636321ABB66C0029EFB2 /* Sources */,
				4D2E636421ABB66C0029EFB2 /* Frameworks */,
				4D2E636521ABB66C0029EFB2 /* Resources */,
			);
			buildRules = (
			);
			dependencies = (
				4D2E636921ABB66C0029EFB2 /* PBXTargetDependency */,
			);
			name = EmailValidatorObjCTests;
			productName = EmailValidatorObjCTests;
			productReference = 4D2E636721ABB66C0029EFB2 /* EmailValidatorObjCTests.xctest */;
			productType = "com.apple.product-type.bundle.unit-test";
		};
		4D2E637121ABB66C0029EFB2 /* EmailValidatorObjCUITests */ = {
			isa = PBXNativeTarget;
			buildConfigurationList = 4D2E638121ABB66C0029EFB2 /* Build configuration list for PBXNativeTarget "EmailValidatorObjCUITests" */;
			buildPhases = (
				499AF14365B1A20E97BE0641 /* [CP] Check Pods Manifest.lock */,
				4D2E636E21ABB66C0029EFB2 /* Sources */,
				4D2E636F21ABB66C0029EFB2 /* Frameworks */,
				4D2E637021ABB66C0029EFB2 /* Resources */,
			);
			buildRules = (
			);
			dependencies = (
				4D2E637421ABB66C0029EFB2 /* PBXTargetDependency */,
			);
			name = EmailValidatorObjCUITests;
			productName = EmailValidatorObjCUITests;
			productReference = 4D2E637221ABB66C0029EFB2 /* EmailValidatorObjCUITests.xctest */;
			productType = "com.apple.product-type.bundle.ui-testing";
		};
/* End PBXNativeTarget section */

/* Begin PBXProject section */
		4D2E634421ABB66B0029EFB2 /* Project object */ = {
			isa = PBXProject;
			attributes = {
				LastUpgradeCheck = 1010;
				ORGANIZATIONNAME = "Hyuk Hur";
				TargetAttributes = {
					4D2E634B21ABB66B0029EFB2 = {
						CreatedOnToolsVersion = 10.1;
					};
					4D2E636621ABB66C0029EFB2 = {
						CreatedOnToolsVersion = 10.1;
						TestTargetID = 4D2E634B21ABB66B0029EFB2;
					};
					4D2E637121ABB66C0029EFB2 = {
						CreatedOnToolsVersion = 10.1;
						TestTargetID = 4D2E634B21ABB66B0029EFB2;
					};
				};
			};
			buildConfigurationList = 4D2E634721ABB66B0029EFB2 /* Build configuration list for PBXProject "EmailValidatorObjC" */;
			compatibilityVersion = "Xcode 9.3";
			developmentRegion = en;
			hasScannedForEncodings = 0;
			knownRegions = (
				en,
				Base,
			);
			mainGroup = 4D2E634321ABB66B0029EFB2;
			productRefGroup = 4D2E634D21ABB66B0029EFB2 /* Products */;
			projectDirPath = "";
			projectRoot = "";
			targets = (
				4D2E634B21ABB66B0029EFB2 /* EmailValidatorObjC */,
				4D2E636621ABB66C0029EFB2 /* EmailValidatorObjCTests */,
				4D2E637121ABB66C0029EFB2 /* EmailValidatorObjCUITests */,
			);
		};
/* End PBXProject section */

/* Begin PBXResourcesBuildPhase section */
		4D2E634A21ABB66B0029EFB2 /* Resources */ = {
			isa = PBXResourcesBuildPhase;
			buildActionMask = 2147483647;
			files = (
				4D2E635F21ABB66C0029EFB2 /* LaunchScreen.storyboard in Resources */,
				4D2E635C21ABB66C0029EFB2 /* Assets.xcassets in Resources */,
				4D2E635A21ABB66B0029EFB2 /* Main.storyboard in Resources */,
			);
			runOnlyForDeploymentPostprocessing = 0;
		};
		4D2E636521ABB66C0029EFB2 /* Resources */ = {
			isa = PBXResourcesBuildPhase;
			buildActionMask = 2147483647;
			files = (
			);
			runOnlyForDeploymentPostprocessing = 0;
		};
		4D2E637021ABB66C0029EFB2 /* Resources */ = {
			isa = PBXResourcesBuildPhase;
			buildActionMask = 2147483647;
			files = (
			);
			runOnlyForDeploymentPostprocessing = 0;
		};
/* End PBXResourcesBuildPhase section */

/* Begin PBXShellScriptBuildPhase section */
		499AF14365B1A20E97BE0641 /* [CP] Check Pods Manifest.lock */ = {
			isa = PBXShellScriptBuildPhase;
			buildActionMask = 2147483647;
			files = (
			);
			inputFileListPaths = (
			);
			inputPaths = (
				"${PODS_PODFILE_DIR_PATH}/Podfile.lock",
				"${PODS_ROOT}/Manifest.lock",
			);
			name = "[CP] Check Pods Manifest.lock";
			outputFileListPaths = (
			);
			outputPaths = (
				"$(DERIVED_FILE_DIR)/Pods-EmailValidatorObjCUITests-checkManifestLockResult.txt",
			);
			runOnlyForDeploymentPostprocessing = 0;
			shellPath = /bin/sh;
			shellScript = "diff \"${PODS_PODFILE_DIR_PATH}/Podfile.lock\" \"${PODS_ROOT}/Manifest.lock\" > /dev/null\nif [ $? != 0 ] ; then\n    # print error to STDERR\n    echo \"error: The sandbox is not in sync with the Podfile.lock. Run 'pod install' or update your CocoaPods installation.\" >&2\n    exit 1\nfi\n# This output is used by Xcode 'outputs' to avoid re-running this script phase.\necho \"SUCCESS\" > \"${SCRIPT_OUTPUT_FILE_0}\"\n";
			showEnvVarsInLog = 0;
		};
		90D4739A065AABCFF4B51F33 /* [CP] Check Pods Manifest.lock */ = {
			isa = PBXShellScriptBuildPhase;
			buildActionMask = 2147483647;
			files = (
			);
			inputFileListPaths = (
			);
			inputPaths = (
				"${PODS_PODFILE_DIR_PATH}/Podfile.lock",
				"${PODS_ROOT}/Manifest.lock",
			);
			name = "[CP] Check Pods Manifest.lock";
			outputFileListPaths = (
			);
			outputPaths = (
				"$(DERIVED_FILE_DIR)/Pods-EmailValidatorObjC-checkManifestLockResult.txt",
			);
			runOnlyForDeploymentPostprocessing = 0;
			shellPath = /bin/sh;
			shellScript = "diff \"${PODS_PODFILE_DIR_PATH}/Podfile.lock\" \"${PODS_ROOT}/Manifest.lock\" > /dev/null\nif [ $? != 0 ] ; then\n    # print error to STDERR\n    echo \"error: The sandbox is not in sync with the Podfile.lock. Run 'pod install' or update your CocoaPods installation.\" >&2\n    exit 1\nfi\n# This output is used by Xcode 'outputs' to avoid re-running this script phase.\necho \"SUCCESS\" > \"${SCRIPT_OUTPUT_FILE_0}\"\n";
			showEnvVarsInLog = 0;
		};
		A31337B1CEFAD55E63AF7A99 /* [CP] Check Pods Manifest.lock */ = {
			isa = PBXShellScriptBuildPhase;
			buildActionMask = 2147483647;
			files = (
			);
			inputFileListPaths = (
			);
			inputPaths = (
				"${PODS_PODFILE_DIR_PATH}/Podfile.lock",
				"${PODS_ROOT}/Manifest.lock",
			);
			name = "[CP] Check Pods Manifest.lock";
			outputFileListPaths = (
			);
			outputPaths = (
				"$(DERIVED_FILE_DIR)/Pods-EmailValidatorObjCTests-checkManifestLockResult.txt",
			);
			runOnlyForDeploymentPostprocessing = 0;
			shellPath = /bin/sh;
			shellScript = "diff \"${PODS_PODFILE_DIR_PATH}/Podfile.lock\" \"${PODS_ROOT}/Manifest.lock\" > /dev/null\nif [ $? != 0 ] ; then\n    # print error to STDERR\n    echo \"error: The sandbox is not in sync with the Podfile.lock. Run 'pod install' or update your CocoaPods installation.\" >&2\n    exit 1\nfi\n# This output is used by Xcode 'outputs' to avoid re-running this script phase.\necho \"SUCCESS\" > \"${SCRIPT_OUTPUT_FILE_0}\"\n";
			showEnvVarsInLog = 0;
		};
/* End PBXShellScriptBuildPhase section */

/* Begin PBXSourcesBuildPhase section */
		4D2E634821ABB66B0029EFB2 /* Sources */ = {
			isa = PBXSourcesBuildPhase;
			buildActionMask = 2147483647;
			files = (
				4D2E635721ABB66B0029EFB2 /* SecondViewController.m in Sources */,
				4D2E635121ABB66B0029EFB2 /* AppDelegate.m in Sources */,
				4D2E636221ABB66C0029EFB2 /* main.m in Sources */,
				4D2E635421ABB66B0029EFB2 /* FirstViewController.m in Sources */,
			);
			runOnlyForDeploymentPostprocessing = 0;
		};
		4D2E636321ABB66C0029EFB2 /* Sources */ = {
			isa = PBXSourcesBuildPhase;
			buildActionMask = 2147483647;
			files = (
				4D2E636C21ABB66C0029EFB2 /* EmailValidatorObjCTests.m in Sources */,
			);
			runOnlyForDeploymentPostprocessing = 0;
		};
		4D2E636E21ABB66C0029EFB2 /* Sources */ = {
			isa = PBXSourcesBuildPhase;
			buildActionMask = 2147483647;
			files = (
				4D2E637721ABB66C0029EFB2 /* EmailValidatorObjCUITests.m in Sources */,
			);
			runOnlyForDeploymentPostprocessing = 0;
		};
/* End PBXSourcesBuildPhase section */

/* Begin PBXTargetDependency section */
		4D2E636921ABB66C0029EFB2 /* PBXTargetDependency */ = {
			isa = PBXTargetDependency;
			target = 4D2E634B21ABB66B0029EFB2 /* EmailValidatorObjC */;
			targetProxy = 4D2E636821ABB66C0029EFB2 /* PBXContainerItemProxy */;
		};
		4D2E637421ABB66C0029EFB2 /* PBXTargetDependency */ = {
			isa = PBXTargetDependency;
			target = 4D2E634B21ABB66B0029EFB2 /* EmailValidatorObjC */;
			targetProxy = 4D2E637321ABB66C0029EFB2 /* PBXContainerItemProxy */;
		};
/* End PBXTargetDependency section */

/* Begin PBXVariantGroup section */
		4D2E635821ABB66B0029EFB2 /* Main.storyboard */ = {
			isa = PBXVariantGroup;
			children = (
				4D2E635921ABB66B0029EFB2 /* Base */,
			);
			name = Main.storyboard;
			sourceTree = "<group>";
		};
		4D2E635D21ABB66C0029EFB2 /* LaunchScreen.storyboard */ = {
			isa = PBXVariantGroup;
			children = (
				4D2E635E21ABB66C0029EFB2 /* Base */,
			);
			name = LaunchScreen.storyboard;
			sourceTree = "<group>";
		};
/* End PBXVariantGroup section */

/* Begin XCBuildConfiguration section */
		4D2E637921ABB66C0029EFB2 /* Debug */ = {
			isa = XCBuildConfiguration;
			buildSettings = {
				ALWAYS_SEARCH_USER_PATHS = NO;
				CLANG_ANALYZER_NONNULL = YES;
				CLANG_ANALYZER_NUMBER_OBJECT_CONVERSION = YES_AGGRESSIVE;
				CLANG_CXX_LANGUAGE_STANDARD = "gnu++14";
				CLANG_CXX_LIBRARY = "libc++";
				CLANG_ENABLE_MODULES = YES;
				CLANG_ENABLE_OBJC_ARC = YES;
				CLANG_ENABLE_OBJC_WEAK = YES;
				CLANG_WARN_BLOCK_CAPTURE_AUTORELEASING = YES;
				CLANG_WARN_BOOL_CONVERSION = YES;
				CLANG_WARN_COMMA = YES;
				CLANG_WARN_CONSTANT_CONVERSION = YES;
				CLANG_WARN_DEPRECATED_OBJC_IMPLEMENTATIONS = YES;
				CLANG_WARN_DIRECT_OBJC_ISA_USAGE = YES_ERROR;
				CLANG_WARN_DOCUMENTATION_COMMENTS = YES;
				CLANG_WARN_EMPTY_BODY = YES;
				CLANG_WARN_ENUM_CONVERSION = YES;
				CLANG_WARN_INFINITE_RECURSION = YES;
				CLANG_WARN_INT_CONVERSION = YES;
				CLANG_WARN_NON_LITERAL_NULL_CONVERSION = YES;
				CLANG_WARN_OBJC_IMPLICIT_RETAIN_SELF = YES;
				CLANG_WARN_OBJC_LITERAL_CONVERSION = YES;
				CLANG_WARN_OBJC_ROOT_CLASS = YES_ERROR;
				CLANG_WARN_RANGE_LOOP_ANALYSIS = YES;
				CLANG_WARN_STRICT_PROTOTYPES = YES;
				CLANG_WARN_SUSPICIOUS_MOVE = YES;
				CLANG_WARN_UNGUARDED_AVAILABILITY = YES_AGGRESSIVE;
				CLANG_WARN_UNREACHABLE_CODE = YES;
				CLANG_WARN__DUPLICATE_METHOD_MATCH = YES;
				CODE_SIGN_IDENTITY = "iPhone Developer";
				COPY_PHASE_STRIP = NO;
				DEBUG_INFORMATION_FORMAT = dwarf;
				ENABLE_STRICT_OBJC_MSGSEND = YES;
				ENABLE_TESTABILITY = YES;
				GCC_C_LANGUAGE_STANDARD = gnu11;
				GCC_DYNAMIC_NO_PIC = NO;
				GCC_NO_COMMON_BLOCKS = YES;
				GCC_OPTIMIZATION_LEVEL = 0;
				GCC_PREPROCESSOR_DEFINITIONS = (
					"DEBUG=1",
					"$(inherited)",
				);
				GCC_WARN_64_TO_32_BIT_CONVERSION = YES;
				GCC_WARN_ABOUT_RETURN_TYPE = YES_ERROR;
				GCC_WARN_UNDECLARED_SELECTOR = YES;
				GCC_WARN_UNINITIALIZED_AUTOS = YES_AGGRESSIVE;
				GCC_WARN_UNUSED_FUNCTION = YES;
				GCC_WARN_UNUSED_VARIABLE = YES;
				IPHONEOS_DEPLOYMENT_TARGET = 12.1;
				MTL_ENABLE_DEBUG_INFO = INCLUDE_SOURCE;
				MTL_FAST_MATH = YES;
				ONLY_ACTIVE_ARCH = YES;
				SDKROOT = iphoneos;
			};
			name = Debug;
		};
		4D2E637A21ABB66C0029EFB2 /* Release */ = {
			isa = XCBuildConfiguration;
			buildSettings = {
				ALWAYS_SEARCH_USER_PATHS = NO;
				CLANG_ANALYZER_NONNULL = YES;
				CLANG_ANALYZER_NUMBER_OBJECT_CONVERSION = YES_AGGRESSIVE;
				CLANG_CXX_LANGUAGE_STANDARD = "gnu++14";
				CLANG_CXX_LIBRARY = "libc++";
				CLANG_ENABLE_MODULES = YES;
				CLANG_ENABLE_OBJC_ARC = YES;
				CLANG_ENABLE_OBJC_WEAK = YES;
				CLANG_WARN_BLOCK_CAPTURE_AUTORELEASING = YES;
				CLANG_WARN_BOOL_CONVERSION = YES;
				CLANG_WARN_COMMA = YES;
				CLANG_WARN_CONSTANT_CONVERSION = YES;
				CLANG_WARN_DEPRECATED_OBJC_IMPLEMENTATIONS = YES;
				CLANG_WARN_DIRECT_OBJC_ISA_USAGE = YES_ERROR;
				CLANG_WARN_DOCUMENTATION_COMMENTS = YES;
				CLANG_WARN_EMPTY_BODY = YES;
				CLANG_WARN_ENUM_CONVERSION = YES;
				CLANG_WARN_INFINITE_RECURSION = YES;
				CLANG_WARN_INT_CONVERSION = YES;
				CLANG_WARN_NON_LITERAL_NULL_CONVERSION = YES;
				CLANG_WARN_OBJC_IMPLICIT_RETAIN_SELF = YES;
				CLANG_WARN_OBJC_LITERAL_CONVERSION = YES;
				CLANG_WARN_OBJC_ROOT_CLASS = YES_ERROR;
				CLANG_WARN_RANGE_LOOP_ANALYSIS = YES;
				CLANG_WARN_STRICT_PROTOTYPES = YES;
				CLANG_WARN_SUSPICIOUS_MOVE = YES;
				CLANG_WARN_UNGUARDED_AVAILABILITY = YES_AGGRESSIVE;
				CLANG_WARN_UNREACHABLE_CODE = YES;
				CLANG_WARN__DUPLICATE_METHOD_MATCH = YES;
				CODE_SIGN_IDENTITY = "iPhone Developer";
				COPY_PHASE_STRIP = NO;
				DEBUG_INFORMATION_FORMAT = "dwarf-with-dsym";
				ENABLE_NS_ASSERTIONS = NO;
				ENABLE_STRICT_OBJC_MSGSEND = YES;
				GCC_C_LANGUAGE_STANDARD = gnu11;
				GCC_NO_COMMON_BLOCKS = YES;
				GCC_WARN_64_TO_32_BIT_CONVERSION = YES;
				GCC_WARN_ABOUT_RETURN_TYPE = YES_ERROR;
				GCC_WARN_UNDECLARED_SELECTOR = YES;
				GCC_WARN_UNINITIALIZED_AUTOS = YES_AGGRESSIVE;
				GCC_WARN_UNUSED_FUNCTION = YES;
				GCC_WARN_UNUSED_VARIABLE = YES;
				IPHONEOS_DEPLOYMENT_TARGET = 12.1;
				MTL_ENABLE_DEBUG_INFO = NO;
				MTL_FAST_MATH = YES;
				SDKROOT = iphoneos;
				VALIDATE_PRODUCT = YES;
			};
			name = Release;
		};
		4D2E637C21ABB66C0029EFB2 /* Debug */ = {
			isa = XCBuildConfiguration;
			baseConfigurationReference = 0434743E4908FC155DE873C7 /* Pods-EmailValidatorObjC.debug.xcconfig */;
			buildSettings = {
				ASSETCATALOG_COMPILER_APPICON_NAME = AppIcon;
				CODE_SIGN_STYLE = Automatic;
				DEVELOPMENT_TEAM = L2REUD464Q;
				INFOPLIST_FILE = EmailValidatorObjC/Info.plist;
				LD_RUNPATH_SEARCH_PATHS = (
					"$(inherited)",
					"@executable_path/Frameworks",
				);
				PRODUCT_BUNDLE_IDENTIFIER = com.hyukhur.EmailValidatorObjC;
				PRODUCT_NAME = "$(TARGET_NAME)";
				TARGETED_DEVICE_FAMILY = "1,2";
			};
			name = Debug;
		};
		4D2E637D21ABB66C0029EFB2 /* Release */ = {
			isa = XCBuildConfiguration;
			baseConfigurationReference = C2C4D98C49665C551A1CF7BA /* Pods-EmailValidatorObjC.release.xcconfig */;
			buildSettings = {
				ASSETCATALOG_COMPILER_APPICON_NAME = AppIcon;
				CODE_SIGN_STYLE = Automatic;
				DEVELOPMENT_TEAM = L2REUD464Q;
				INFOPLIST_FILE = EmailValidatorObjC/Info.plist;
				LD_RUNPATH_SEARCH_PATHS = (
					"$(inherited)",
					"@executable_path/Frameworks",
				);
				PRODUCT_BUNDLE_IDENTIFIER = com.hyukhur.EmailValidatorObjC;
				PRODUCT_NAME = "$(TARGET_NAME)";
				TARGETED_DEVICE_FAMILY = "1,2";
			};
			name = Release;
		};
		4D2E637F21ABB66C0029EFB2 /* Debug */ = {
			isa = XCBuildConfiguration;
			baseConfigurationReference = 0CCB0A881D2B4EA0DB893818 /* Pods-EmailValidatorObjCTests.debug.xcconfig */;
			buildSettings = {
				BUNDLE_LOADER = "$(TEST_HOST)";
				CODE_SIGN_STYLE = Automatic;
				DEVELOPMENT_TEAM = L2REUD464Q;
				INFOPLIST_FILE = EmailValidatorObjCTests/Info.plist;
				LD_RUNPATH_SEARCH_PATHS = (
					"$(inherited)",
					"@executable_path/Frameworks",
					"@loader_path/Frameworks",
				);
				PRODUCT_BUNDLE_IDENTIFIER = com.hyukhur.EmailValidatorObjCTests;
				PRODUCT_NAME = "$(TARGET_NAME)";
				TARGETED_DEVICE_FAMILY = "1,2";
				TEST_HOST = "$(BUILT_PRODUCTS_DIR)/EmailValidatorObjC.app/EmailValidatorObjC";
			};
			name = Debug;
		};
		4D2E638021ABB66C0029EFB2 /* Release */ = {
			isa = XCBuildConfiguration;
			baseConfigurationReference = 2E5603BF5E61673B9E10A85C /* Pods-EmailValidatorObjCTests.release.xcconfig */;
			buildSettings = {
				BUNDLE_LOADER = "$(TEST_HOST)";
				CODE_SIGN_STYLE = Automatic;
				DEVELOPMENT_TEAM = L2REUD464Q;
				INFOPLIST_FILE = EmailValidatorObjCTests/Info.plist;
				LD_RUNPATH_SEARCH_PATHS = (
					"$(inherited)",
					"@executable_path/Frameworks",
					"@loader_path/Frameworks",
				);
				PRODUCT_BUNDLE_IDENTIFIER = com.hyukhur.EmailValidatorObjCTests;
				PRODUCT_NAME = "$(TARGET_NAME)";
				TARGETED_DEVICE_FAMILY = "1,2";
				TEST_HOST = "$(BUILT_PRODUCTS_DIR)/EmailValidatorObjC.app/EmailValidatorObjC";
			};
			name = Release;
		};
		4D2E638221ABB66C0029EFB2 /* Debug */ = {
			isa = XCBuildConfiguration;
			baseConfigurationReference = A71B0AABB37A978E8DC9B3E9 /* Pods-EmailValidatorObjCUITests.debug.xcconfig */;
			buildSettings = {
				CODE_SIGN_STYLE = Automatic;
				DEVELOPMENT_TEAM = L2REUD464Q;
				INFOPLIST_FILE = EmailValidatorObjCUITests/Info.plist;
				LD_RUNPATH_SEARCH_PATHS = (
					"$(inherited)",
					"@executable_path/Frameworks",
					"@loader_path/Frameworks",
				);
				PRODUCT_BUNDLE_IDENTIFIER = com.hyukhur.EmailValidatorObjCUITests;
				PRODUCT_NAME = "$(TARGET_NAME)";
				TARGETED_DEVICE_FAMILY = "1,2";
				TEST_TARGET_NAME = EmailValidatorObjC;
			};
			name = Debug;
		};
		4D2E638321ABB66C0029EFB2 /* Release */ = {
			isa = XCBuildConfiguration;
			baseConfigurationReference = 5F54F65F85F9316F4EFB95C3 /* Pods-EmailValidatorObjCUITests.release.xcconfig */;
			buildSettings = {
				CODE_SIGN_STYLE = Automatic;
				DEVELOPMENT_TEAM = L2REUD464Q;
				INFOPLIST_FILE = EmailValidatorObjCUITests/Info.plist;
				LD_RUNPATH_SEARCH_PATHS = (
					"$(inherited)",
					"@executable_path/Frameworks",
					"@loader_path/Frameworks",
				);
				PRODUCT_BUNDLE_IDENTIFIER = com.hyukhur.EmailValidatorObjCUITests;
				PRODUCT_NAME = "$(TARGET_NAME)";
				TARGETED_DEVICE_FAMILY = "1,2";
				TEST_TARGET_NAME = EmailValidatorObjC;
			};
			name = Release;
		};
/* End XCBuildConfiguration section */

/* Begin XCConfigurationList section */
		4D2E634721ABB66B0029EFB2 /* Build configuration list for PBXProject "EmailValidatorObjC" */ = {
			isa = XCConfigurationList;
			buildConfigurations = (
				4D2E637921ABB66C0029EFB2 /* Debug */,
				4D2E637A21ABB66C0029EFB2 /* Release */,
			);
			defaultConfigurationIsVisible = 0;
			defaultConfigurationName = Release;
		};
		4D2E637B21ABB66C0029EFB2 /* Build configuration list for PBXNativeTarget "EmailValidatorObjC" */ = {
			isa = XCConfigurationList;
			buildConfigurations = (
				4D2E637C21ABB66C0029EFB2 /* Debug */,
				4D2E637D21ABB66C0029EFB2 /* Release */,
			);
			defaultConfigurationIsVisible = 0;
			defaultConfigurationName = Release;
		};
		4D2E637E21ABB66C0029EFB2 /* Build configuration list for PBXNativeTarget "EmailValidatorObjCTests" */ = {
			isa = XCConfigurationList;
			buildConfigurations = (
				4D2E637F21ABB66C0029EFB2 /* Debug */,
				4D2E638021ABB66C0029EFB2 /* Release */,
			);
			defaultConfigurationIsVisible = 0;
			defaultConfigurationName = Release;
		};
		4D2E638121ABB66C0029EFB2 /* Build configuration list for PBXNativeTarget "EmailValidatorObjCUITests" */ = {
			isa = XCConfigurationList;
			buildConfigurations = (
				4D2E638221ABB66C0029EFB2 /* Debug */,
				4D2E638321ABB66C0029EFB2 /* Release */,
			);
			defaultConfigurationIsVisible = 0;
			defaultConfigurationName = Release;
		};
/* End XCConfigurationList section */
	};
	rootObject = 4D2E634421ABB66B0029EFB2 /* Project object */;
}
