// !$*UTF8*$!
{
	archiveVersion = 1;
	classes = {
	};
	objectVersion = 50;
	objects = {

/* Begin PBXBuildFile section */
		0D76C2061EC392E69DED0362 /* Pods_EmailValidatorRxSwiftTests.framework in Frameworks */ = {isa = PBXBuildFile; fileRef = C4FFF7A37D776230A93A44FC /* Pods_EmailValidatorRxSwiftTests.framework */; };
		467750E96B35DA94D3ADA6E6 /* Pods_EmailValidatorRxSwiftUITests.framework in Frameworks */ = {isa = PBXBuildFile; fileRef = 0C52BB4E42865145F72610D9 /* Pods_EmailValidatorRxSwiftUITests.framework */; };
		4D2E639121AC71460029EFB2 /* AppDelegate.swift in Sources */ = {isa = PBXBuildFile; fileRef = 4D2E639021AC71460029EFB2 /* AppDelegate.swift */; };
		4D2E639321AC71460029EFB2 /* FirstViewController.swift in Sources */ = {isa = PBXBuildFile; fileRef = 4D2E639221AC71460029EFB2 /* FirstViewController.swift */; };
		4D2E639521AC71460029EFB2 /* SecondViewController.swift in Sources */ = {isa = PBXBuildFile; fileRef = 4D2E639421AC71460029EFB2 /* SecondViewController.swift */; };
		4D2E639821AC71460029EFB2 /* Main.storyboard in Resources */ = {isa = PBXBuildFile; fileRef = 4D2E639621AC71460029EFB2 /* Main.storyboard */; };
		4D2E639A21AC71470029EFB2 /* Assets.xcassets in Resources */ = {isa = PBXBuildFile; fileRef = 4D2E639921AC71470029EFB2 /* Assets.xcassets */; };
		4D2E639D21AC71470029EFB2 /* LaunchScreen.storyboard in Resources */ = {isa = PBXBuildFile; fileRef = 4D2E639B21AC71470029EFB2 /* LaunchScreen.storyboard */; };
		4D2E63A821AC71470029EFB2 /* EmailValidatorRxSwiftTests.swift in Sources */ = {isa = PBXBuildFile; fileRef = 4D2E63A721AC71470029EFB2 /* EmailValidatorRxSwiftTests.swift */; };
		4D2E63B321AC71470029EFB2 /* EmailValidatorRxSwiftUITests.swift in Sources */ = {isa = PBXBuildFile; fileRef = 4D2E63B221AC71470029EFB2 /* EmailValidatorRxSwiftUITests.swift */; };
		A2C4D9E55D5B38A5D71440FF /* Pods_EmailValidatorRxSwift.framework in Frameworks */ = {isa = PBXBuildFile; fileRef = 7A382AE73358CEBAD1597EC0 /* Pods_EmailValidatorRxSwift.framework */; };
/* End PBXBuildFile section */

/* Begin PBXContainerItemProxy section */
		4D2E63A421AC71470029EFB2 /* PBXContainerItemProxy */ = {
			isa = PBXContainerItemProxy;
			containerPortal = 4D2E638521AC71460029EFB2 /* Project object */;
			proxyType = 1;
			remoteGlobalIDString = 4D2E638C21AC71460029EFB2;
			remoteInfo = EmailValidatorRxSwift;
		};
		4D2E63AF21AC71470029EFB2 /* PBXContainerItemProxy */ = {
			isa = PBXContainerItemProxy;
			containerPortal = 4D2E638521AC71460029EFB2 /* Project object */;
			proxyType = 1;
			remoteGlobalIDString = 4D2E638C21AC71460029EFB2;
			remoteInfo = EmailValidatorRxSwift;
		};
/* End PBXContainerItemProxy section */

/* Begin PBXFileReference section */
		0C52BB4E42865145F72610D9 /* Pods_EmailValidatorRxSwiftUITests.framework */ = {isa = PBXFileReference; explicitFileType = wrapper.framework; includeInIndex = 0; path = Pods_EmailValidatorRxSwiftUITests.framework; sourceTree = BUILT_PRODUCTS_DIR; };
		1760E5A2C98ACD48E7871B9F /* Pods-EmailValidatorRxSwiftTests.release.xcconfig */ = {isa = PBXFileReference; includeInIndex = 1; lastKnownFileType = text.xcconfig; name = "Pods-EmailValidatorRxSwiftTests.release.xcconfig"; path = "../Pods/Target Support Files/Pods-EmailValidatorRxSwiftTests/Pods-EmailValidatorRxSwiftTests.release.xcconfig"; sourceTree = "<group>"; };
		254CA7CB8BF684FB52E0C705 /* Pods-EmailValidatorRxSwiftUITests.release.xcconfig */ = {isa = PBXFileReference; includeInIndex = 1; lastKnownFileType = text.xcconfig; name = "Pods-EmailValidatorRxSwiftUITests.release.xcconfig"; path = "../Pods/Target Support Files/Pods-EmailValidatorRxSwiftUITests/Pods-EmailValidatorRxSwiftUITests.release.xcconfig"; sourceTree = "<group>"; };
		4D2E638D21AC71460029EFB2 /* EmailValidatorRxSwift.app */ = {isa = PBXFileReference; explicitFileType = wrapper.application; includeInIndex = 0; path = EmailValidatorRxSwift.app; sourceTree = BUILT_PRODUCTS_DIR; };
		4D2E639021AC71460029EFB2 /* AppDelegate.swift */ = {isa = PBXFileReference; lastKnownFileType = sourcecode.swift; path = AppDelegate.swift; sourceTree = "<group>"; };
		4D2E639221AC71460029EFB2 /* FirstViewController.swift */ = {isa = PBXFileReference; lastKnownFileType = sourcecode.swift; path = FirstViewController.swift; sourceTree = "<group>"; };
		4D2E639421AC71460029EFB2 /* SecondViewController.swift */ = {isa = PBXFileReference; lastKnownFileType = sourcecode.swift; path = SecondViewController.swift; sourceTree = "<group>"; };
		4D2E639721AC71460029EFB2 /* Base */ = {isa = PBXFileReference; lastKnownFileType = file.storyboard; name = Base; path = Base.lproj/Main.storyboard; sourceTree = "<group>"; };
		4D2E639921AC71470029EFB2 /* Assets.xcassets */ = {isa = PBXFileReference; lastKnownFileType = folder.assetcatalog; path = Assets.xcassets; sourceTree = "<group>"; };
		4D2E639C21AC71470029EFB2 /* Base */ = {isa = PBXFileReference; lastKnownFileType = file.storyboard; name = Base; path = Base.lproj/LaunchScreen.storyboard; sourceTree = "<group>"; };
		4D2E639E21AC71470029EFB2 /* Info.plist */ = {isa = PBXFileReference; lastKnownFileType = text.plist.xml; path = Info.plist; sourceTree = "<group>"; };
		4D2E63A321AC71470029EFB2 /* EmailValidatorRxSwiftTests.xctest */ = {isa = PBXFileReference; explicitFileType = wrapper.cfbundle; includeInIndex = 0; path = EmailValidatorRxSwiftTests.xctest; sourceTree = BUILT_PRODUCTS_DIR; };
		4D2E63A721AC71470029EFB2 /* EmailValidatorRxSwiftTests.swift */ = {isa = PBXFileReference; lastKnownFileType = sourcecode.swift; path = EmailValidatorRxSwiftTests.swift; sourceTree = "<group>"; };
		4D2E63A921AC71470029EFB2 /* Info.plist */ = {isa = PBXFileReference; lastKnownFileType = text.plist.xml; path = Info.plist; sourceTree = "<group>"; };
		4D2E63AE21AC71470029EFB2 /* EmailValidatorRxSwiftUITests.xctest */ = {isa = PBXFileReference; explicitFileType = wrapper.cfbundle; includeInIndex = 0; path = EmailValidatorRxSwiftUITests.xctest; sourceTree = BUILT_PRODUCTS_DIR; };
		4D2E63B221AC71470029EFB2 /* EmailValidatorRxSwiftUITests.swift */ = {isa = PBXFileReference; lastKnownFileType = sourcecode.swift; path = EmailValidatorRxSwiftUITests.swift; sourceTree = "<group>"; };
		4D2E63B421AC71470029EFB2 /* Info.plist */ = {isa = PBXFileReference; lastKnownFileType = text.plist.xml; path = Info.plist; sourceTree = "<group>"; };
		708027BA286F5381FAB35093 /* Pods-EmailValidatorRxSwiftUITests.debug.xcconfig */ = {isa = PBXFileReference; includeInIndex = 1; lastKnownFileType = text.xcconfig; name = "Pods-EmailValidatorRxSwiftUITests.debug.xcconfig"; path = "../Pods/Target Support Files/Pods-EmailValidatorRxSwiftUITests/Pods-EmailValidatorRxSwiftUITests.debug.xcconfig"; sourceTree = "<group>"; };
		7A382AE73358CEBAD1597EC0 /* Pods_EmailValidatorRxSwift.framework */ = {isa = PBXFileReference; explicitFileType = wrapper.framework; includeInIndex = 0; path = Pods_EmailValidatorRxSwift.framework; sourceTree = BUILT_PRODUCTS_DIR; };
		A6BD955EB5A64226B10445E1 /* Pods-EmailValidatorRxSwiftTests.debug.xcconfig */ = {isa = PBXFileReference; includeInIndex = 1; lastKnownFileType = text.xcconfig; name = "Pods-EmailValidatorRxSwiftTests.debug.xcconfig"; path = "../Pods/Target Support Files/Pods-EmailValidatorRxSwiftTests/Pods-EmailValidatorRxSwiftTests.debug.xcconfig"; sourceTree = "<group>"; };
		C4FFF7A37D776230A93A44FC /* Pods_EmailValidatorRxSwiftTests.framework */ = {isa = PBXFileReference; explicitFileType = wrapper.framework; includeInIndex = 0; path = Pods_EmailValidatorRxSwiftTests.framework; sourceTree = BUILT_PRODUCTS_DIR; };
		C552CDA5503723AD4B55753B /* Pods-EmailValidatorRxSwift.debug.xcconfig */ = {isa = PBXFileReference; includeInIndex = 1; lastKnownFileType = text.xcconfig; name = "Pods-EmailValidatorRxSwift.debug.xcconfig"; path = "../Pods/Target Support Files/Pods-EmailValidatorRxSwift/Pods-EmailValidatorRxSwift.debug.xcconfig"; sourceTree = "<group>"; };
		E1DEED910D36519B68D0BD95 /* Pods-EmailValidatorRxSwift.release.xcconfig */ = {isa = PBXFileReference; includeInIndex = 1; lastKnownFileType = text.xcconfig; name = "Pods-EmailValidatorRxSwift.release.xcconfig"; path = "../Pods/Target Support Files/Pods-EmailValidatorRxSwift/Pods-EmailValidatorRxSwift.release.xcconfig"; sourceTree = "<group>"; };
/* End PBXFileReference section */

/* Begin PBXFrameworksBuildPhase section */
		4D2E638A21AC71460029EFB2 /* Frameworks */ = {
			isa = PBXFrameworksBuildPhase;
			buildActionMask = 2147483647;
			files = (
				A2C4D9E55D5B38A5D71440FF /* Pods_EmailValidatorRxSwift.framework in Frameworks */,
			);
			runOnlyForDeploymentPostprocessing = 0;
		};
		4D2E63A021AC71470029EFB2 /* Frameworks */ = {
			isa = PBXFrameworksBuildPhase;
			buildActionMask = 2147483647;
			files = (
				0D76C2061EC392E69DED0362 /* Pods_EmailValidatorRxSwiftTests.framework in Frameworks */,
			);
			runOnlyForDeploymentPostprocessing = 0;
		};
		4D2E63AB21AC71470029EFB2 /* Frameworks */ = {
			isa = PBXFrameworksBuildPhase;
			buildActionMask = 2147483647;
			files = (
				467750E96B35DA94D3ADA6E6 /* Pods_EmailValidatorRxSwiftUITests.framework in Frameworks */,
			);
			runOnlyForDeploymentPostprocessing = 0;
		};
/* End PBXFrameworksBuildPhase section */

/* Begin PBXGroup section */
		4D2E638421AC71460029EFB2 = {
			isa = PBXGroup;
			children = (
				4D2E638F21AC71460029EFB2 /* EmailValidatorRxSwift */,
				4D2E63A621AC71470029EFB2 /* EmailValidatorRxSwiftTests */,
				4D2E63B121AC71470029EFB2 /* EmailValidatorRxSwiftUITests */,
				4D2E638E21AC71460029EFB2 /* Products */,
				A43D5FC7979F22FF99B39066 /* Pods */,
				FF9EB54901F2D7BC1918D42A /* Frameworks */,
			);
			sourceTree = "<group>";
		};
		4D2E638E21AC71460029EFB2 /* Products */ = {
			isa = PBXGroup;
			children = (
				4D2E638D21AC71460029EFB2 /* EmailValidatorRxSwift.app */,
				4D2E63A321AC71470029EFB2 /* EmailValidatorRxSwiftTests.xctest */,
				4D2E63AE21AC71470029EFB2 /* EmailValidatorRxSwiftUITests.xctest */,
			);
			name = Products;
			sourceTree = "<group>";
		};
		4D2E638F21AC71460029EFB2 /* EmailValidatorRxSwift */ = {
			isa = PBXGroup;
			children = (
				4D2E639021AC71460029EFB2 /* AppDelegate.swift */,
				4D2E639221AC71460029EFB2 /* FirstViewController.swift */,
				4D2E639421AC71460029EFB2 /* SecondViewController.swift */,
				4D2E639621AC71460029EFB2 /* Main.storyboard */,
				4D2E639921AC71470029EFB2 /* Assets.xcassets */,
				4D2E639B21AC71470029EFB2 /* LaunchScreen.storyboard */,
				4D2E639E21AC71470029EFB2 /* Info.plist */,
			);
			path = EmailValidatorRxSwift;
			sourceTree = "<group>";
		};
		4D2E63A621AC71470029EFB2 /* EmailValidatorRxSwiftTests */ = {
			isa = PBXGroup;
			children = (
				4D2E63A721AC71470029EFB2 /* EmailValidatorRxSwiftTests.swift */,
				4D2E63A921AC71470029EFB2 /* Info.plist */,
			);
			path = EmailValidatorRxSwiftTests;
			sourceTree = "<group>";
		};
		4D2E63B121AC71470029EFB2 /* EmailValidatorRxSwiftUITests */ = {
			isa = PBXGroup;
			children = (
				4D2E63B221AC71470029EFB2 /* EmailValidatorRxSwiftUITests.swift */,
				4D2E63B421AC71470029EFB2 /* Info.plist */,
			);
			path = EmailValidatorRxSwiftUITests;
			sourceTree = "<group>";
		};
		A43D5FC7979F22FF99B39066 /* Pods */ = {
			isa = PBXGroup;
			children = (
				C552CDA5503723AD4B55753B /* Pods-EmailValidatorRxSwift.debug.xcconfig */,
				E1DEED910D36519B68D0BD95 /* Pods-EmailValidatorRxSwift.release.xcconfig */,
				A6BD955EB5A64226B10445E1 /* Pods-EmailValidatorRxSwiftTests.debug.xcconfig */,
				1760E5A2C98ACD48E7871B9F /* Pods-EmailValidatorRxSwiftTests.release.xcconfig */,
				708027BA286F5381FAB35093 /* Pods-EmailValidatorRxSwiftUITests.debug.xcconfig */,
				254CA7CB8BF684FB52E0C705 /* Pods-EmailValidatorRxSwiftUITests.release.xcconfig */,
			);
			name = Pods;
			sourceTree = "<group>";
		};
		FF9EB54901F2D7BC1918D42A /* Frameworks */ = {
			isa = PBXGroup;
			children = (
				7A382AE73358CEBAD1597EC0 /* Pods_EmailValidatorRxSwift.framework */,
				C4FFF7A37D776230A93A44FC /* Pods_EmailValidatorRxSwiftTests.framework */,
				0C52BB4E42865145F72610D9 /* Pods_EmailValidatorRxSwiftUITests.framework */,
			);
			name = Frameworks;
			sourceTree = "<group>";
		};
/* End PBXGroup section */

/* Begin PBXNativeTarget section */
		4D2E638C21AC71460029EFB2 /* EmailValidatorRxSwift */ = {
			isa = PBXNativeTarget;
			buildConfigurationList = 4D2E63B721AC71470029EFB2 /* Build configuration list for PBXNativeTarget "EmailValidatorRxSwift" */;
			buildPhases = (
				9667F7044092D40B926389FF /* [CP] Check Pods Manifest.lock */,
				4D2E638921AC71460029EFB2 /* Sources */,
				4D2E638A21AC71460029EFB2 /* Frameworks */,
				4D2E638B21AC71460029EFB2 /* Resources */,
				36C9B6184B9325A15E3CE70C /* [CP] Embed Pods Frameworks */,
			);
			buildRules = (
			);
			dependencies = (
			);
			name = EmailValidatorRxSwift;
			productName = EmailValidatorRxSwift;
			productReference = 4D2E638D21AC71460029EFB2 /* EmailValidatorRxSwift.app */;
			productType = "com.apple.product-type.application";
		};
		4D2E63A221AC71470029EFB2 /* EmailValidatorRxSwiftTests */ = {
			isa = PBXNativeTarget;
			buildConfigurationList = 4D2E63BA21AC71470029EFB2 /* Build configuration list for PBXNativeTarget "EmailValidatorRxSwiftTests" */;
			buildPhases = (
				BA331F7C7FAB2D2C519381F5 /* [CP] Check Pods Manifest.lock */,
				4D2E639F21AC71470029EFB2 /* Sources */,
				4D2E63A021AC71470029EFB2 /* Frameworks */,
				4D2E63A121AC71470029EFB2 /* Resources */,
			);
			buildRules = (
			);
			dependencies = (
				4D2E63A521AC71470029EFB2 /* PBXTargetDependency */,
			);
			name = EmailValidatorRxSwiftTests;
			productName = EmailValidatorRxSwiftTests;
			productReference = 4D2E63A321AC71470029EFB2 /* EmailValidatorRxSwiftTests.xctest */;
			productType = "com.apple.product-type.bundle.unit-test";
		};
		4D2E63AD21AC71470029EFB2 /* EmailValidatorRxSwiftUITests */ = {
			isa = PBXNativeTarget;
			buildConfigurationList = 4D2E63BD21AC71470029EFB2 /* Build configuration list for PBXNativeTarget "EmailValidatorRxSwiftUITests" */;
			buildPhases = (
				FB0A4AF1F744E24511D87949 /* [CP] Check Pods Manifest.lock */,
				4D2E63AA21AC71470029EFB2 /* Sources */,
				4D2E63AB21AC71470029EFB2 /* Frameworks */,
				4D2E63AC21AC71470029EFB2 /* Resources */,
			);
			buildRules = (
			);
			dependencies = (
				4D2E63B021AC71470029EFB2 /* PBXTargetDependency */,
			);
			name = EmailValidatorRxSwiftUITests;
			productName = EmailValidatorRxSwiftUITests;
			productReference = 4D2E63AE21AC71470029EFB2 /* EmailValidatorRxSwiftUITests.xctest */;
			productType = "com.apple.product-type.bundle.ui-testing";
		};
/* End PBXNativeTarget section */

/* Begin PBXProject section */
		4D2E638521AC71460029EFB2 /* Project object */ = {
			isa = PBXProject;
			attributes = {
				LastSwiftUpdateCheck = 1010;
				LastUpgradeCheck = 1010;
				ORGANIZATIONNAME = "Hyuk Hur";
				TargetAttributes = {
					4D2E638C21AC71460029EFB2 = {
						CreatedOnToolsVersion = 10.1;
					};
					4D2E63A221AC71470029EFB2 = {
						CreatedOnToolsVersion = 10.1;
						TestTargetID = 4D2E638C21AC71460029EFB2;
					};
					4D2E63AD21AC71470029EFB2 = {
						CreatedOnToolsVersion = 10.1;
						TestTargetID = 4D2E638C21AC71460029EFB2;
					};
				};
			};
			buildConfigurationList = 4D2E638821AC71460029EFB2 /* Build configuration list for PBXProject "EmailValidatorRxSwift" */;
			compatibilityVersion = "Xcode 9.3";
			developmentRegion = en;
			hasScannedForEncodings = 0;
			knownRegions = (
				en,
				Base,
			);
			mainGroup = 4D2E638421AC71460029EFB2;
			productRefGroup = 4D2E638E21AC71460029EFB2 /* Products */;
			projectDirPath = "";
			projectRoot = "";
			targets = (
				4D2E638C21AC71460029EFB2 /* EmailValidatorRxSwift */,
				4D2E63A221AC71470029EFB2 /* EmailValidatorRxSwiftTests */,
				4D2E63AD21AC71470029EFB2 /* EmailValidatorRxSwiftUITests */,
			);
		};
/* End PBXProject section */

/* Begin PBXResourcesBuildPhase section */
		4D2E638B21AC71460029EFB2 /* Resources */ = {
			isa = PBXResourcesBuildPhase;
			buildActionMask = 2147483647;
			files = (
				4D2E639D21AC71470029EFB2 /* LaunchScreen.storyboard in Resources */,
				4D2E639A21AC71470029EFB2 /* Assets.xcassets in Resources */,
				4D2E639821AC71460029EFB2 /* Main.storyboard in Resources */,
			);
			runOnlyForDeploymentPostprocessing = 0;
		};
		4D2E63A121AC71470029EFB2 /* Resources */ = {
			isa = PBXResourcesBuildPhase;
			buildActionMask = 2147483647;
			files = (
			);
			runOnlyForDeploymentPostprocessing = 0;
		};
		4D2E63AC21AC71470029EFB2 /* Resources */ = {
			isa = PBXResourcesBuildPhase;
			buildActionMask = 2147483647;
			files = (
			);
			runOnlyForDeploymentPostprocessing = 0;
		};
/* End PBXResourcesBuildPhase section */

/* Begin PBXShellScriptBuildPhase section */
		36C9B6184B9325A15E3CE70C /* [CP] Embed Pods Frameworks */ = {
			isa = PBXShellScriptBuildPhase;
			buildActionMask = 2147483647;
			files = (
			);
			inputFileListPaths = (
			);
			inputPaths = (
				"${SRCROOT}/../Pods/Target Support Files/Pods-EmailValidatorRxSwift/Pods-EmailValidatorRxSwift-frameworks.sh",
				"${BUILT_PRODUCTS_DIR}/RxSwift/RxSwift.framework",
			);
			name = "[CP] Embed Pods Frameworks";
			outputFileListPaths = (
			);
			outputPaths = (
				"${TARGET_BUILD_DIR}/${FRAMEWORKS_FOLDER_PATH}/RxSwift.framework",
			);
			runOnlyForDeploymentPostprocessing = 0;
			shellPath = /bin/sh;
			shellScript = "\"${SRCROOT}/../Pods/Target Support Files/Pods-EmailValidatorRxSwift/Pods-EmailValidatorRxSwift-frameworks.sh\"\n";
			showEnvVarsInLog = 0;
		};
		9667F7044092D40B926389FF /* [CP] Check Pods Manifest.lock */ = {
			isa = PBXShellScriptBuildPhase;
			buildActionMask = 2147483647;
			files = (
			);
			inputFileListPaths = (
			);
			inputPaths = (
				"${PODS_PODFILE_DIR_PATH}/Podfile.lock",
				"${PODS_ROOT}/Manifest.lock",
			);
			name = "[CP] Check Pods Manifest.lock";
			outputFileListPaths = (
			);
			outputPaths = (
				"$(DERIVED_FILE_DIR)/Pods-EmailValidatorRxSwift-checkManifestLockResult.txt",
			);
			runOnlyForDeploymentPostprocessing = 0;
			shellPath = /bin/sh;
			shellScript = "diff \"${PODS_PODFILE_DIR_PATH}/Podfile.lock\" \"${PODS_ROOT}/Manifest.lock\" > /dev/null\nif [ $? != 0 ] ; then\n    # print error to STDERR\n    echo \"error: The sandbox is not in sync with the Podfile.lock. Run 'pod install' or update your CocoaPods installation.\" >&2\n    exit 1\nfi\n# This output is used by Xcode 'outputs' to avoid re-running this script phase.\necho \"SUCCESS\" > \"${SCRIPT_OUTPUT_FILE_0}\"\n";
			showEnvVarsInLog = 0;
		};
		BA331F7C7FAB2D2C519381F5 /* [CP] Check Pods Manifest.lock */ = {
			isa = PBXShellScriptBuildPhase;
			buildActionMask = 2147483647;
			files = (
			);
			inputFileListPaths = (
			);
			inputPaths = (
				"${PODS_PODFILE_DIR_PATH}/Podfile.lock",
				"${PODS_ROOT}/Manifest.lock",
			);
			name = "[CP] Check Pods Manifest.lock";
			outputFileListPaths = (
			);
			outputPaths = (
				"$(DERIVED_FILE_DIR)/Pods-EmailValidatorRxSwiftTests-checkManifestLockResult.txt",
			);
			runOnlyForDeploymentPostprocessing = 0;
			shellPath = /bin/sh;
			shellScript = "diff \"${PODS_PODFILE_DIR_PATH}/Podfile.lock\" \"${PODS_ROOT}/Manifest.lock\" > /dev/null\nif [ $? != 0 ] ; then\n    # print error to STDERR\n    echo \"error: The sandbox is not in sync with the Podfile.lock. Run 'pod install' or update your CocoaPods installation.\" >&2\n    exit 1\nfi\n# This output is used by Xcode 'outputs' to avoid re-running this script phase.\necho \"SUCCESS\" > \"${SCRIPT_OUTPUT_FILE_0}\"\n";
			showEnvVarsInLog = 0;
		};
		FB0A4AF1F744E24511D87949 /* [CP] Check Pods Manifest.lock */ = {
			isa = PBXShellScriptBuildPhase;
			buildActionMask = 2147483647;
			files = (
			);
			inputFileListPaths = (
			);
			inputPaths = (
				"${PODS_PODFILE_DIR_PATH}/Podfile.lock",
				"${PODS_ROOT}/Manifest.lock",
			);
			name = "[CP] Check Pods Manifest.lock";
			outputFileListPaths = (
			);
			outputPaths = (
				"$(DERIVED_FILE_DIR)/Pods-EmailValidatorRxSwiftUITests-checkManifestLockResult.txt",
			);
			runOnlyForDeploymentPostprocessing = 0;
			shellPath = /bin/sh;
			shellScript = "diff \"${PODS_PODFILE_DIR_PATH}/Podfile.lock\" \"${PODS_ROOT}/Manifest.lock\" > /dev/null\nif [ $? != 0 ] ; then\n    # print error to STDERR\n    echo \"error: The sandbox is not in sync with the Podfile.lock. Run 'pod install' or update your CocoaPods installation.\" >&2\n    exit 1\nfi\n# This output is used by Xcode 'outputs' to avoid re-running this script phase.\necho \"SUCCESS\" > \"${SCRIPT_OUTPUT_FILE_0}\"\n";
			showEnvVarsInLog = 0;
		};
/* End PBXShellScriptBuildPhase section */

/* Begin PBXSourcesBuildPhase section */
		4D2E638921AC71460029EFB2 /* Sources */ = {
			isa = PBXSourcesBuildPhase;
			buildActionMask = 2147483647;
			files = (
				4D2E639521AC71460029EFB2 /* SecondViewController.swift in Sources */,
				4D2E639121AC71460029EFB2 /* AppDelegate.swift in Sources */,
				4D2E639321AC71460029EFB2 /* FirstViewController.swift in Sources */,
			);
			runOnlyForDeploymentPostprocessing = 0;
		};
		4D2E639F21AC71470029EFB2 /* Sources */ = {
			isa = PBXSourcesBuildPhase;
			buildActionMask = 2147483647;
			files = (
				4D2E63A821AC71470029EFB2 /* EmailValidatorRxSwiftTests.swift in Sources */,
			);
			runOnlyForDeploymentPostprocessing = 0;
		};
		4D2E63AA21AC71470029EFB2 /* Sources */ = {
			isa = PBXSourcesBuildPhase;
			buildActionMask = 2147483647;
			files = (
				4D2E63B321AC71470029EFB2 /* EmailValidatorRxSwiftUITests.swift in Sources */,
			);
			runOnlyForDeploymentPostprocessing = 0;
		};
/* End PBXSourcesBuildPhase section */

/* Begin PBXTargetDependency section */
		4D2E63A521AC71470029EFB2 /* PBXTargetDependency */ = {
			isa = PBXTargetDependency;
			target = 4D2E638C21AC71460029EFB2 /* EmailValidatorRxSwift */;
			targetProxy = 4D2E63A421AC71470029EFB2 /* PBXContainerItemProxy */;
		};
		4D2E63B021AC71470029EFB2 /* PBXTargetDependency */ = {
			isa = PBXTargetDependency;
			target = 4D2E638C21AC71460029EFB2 /* EmailValidatorRxSwift */;
			targetProxy = 4D2E63AF21AC71470029EFB2 /* PBXContainerItemProxy */;
		};
/* End PBXTargetDependency section */

/* Begin PBXVariantGroup section */
		4D2E639621AC71460029EFB2 /* Main.storyboard */ = {
			isa = PBXVariantGroup;
			children = (
				4D2E639721AC71460029EFB2 /* Base */,
			);
			name = Main.storyboard;
			sourceTree = "<group>";
		};
		4D2E639B21AC71470029EFB2 /* LaunchScreen.storyboard */ = {
			isa = PBXVariantGroup;
			children = (
				4D2E639C21AC71470029EFB2 /* Base */,
			);
			name = LaunchScreen.storyboard;
			sourceTree = "<group>";
		};
/* End PBXVariantGroup section */

/* Begin XCBuildConfiguration section */
		4D2E63B521AC71470029EFB2 /* Debug */ = {
			isa = XCBuildConfiguration;
			buildSettings = {
				ALWAYS_SEARCH_USER_PATHS = NO;
				CLANG_ANALYZER_NONNULL = YES;
				CLANG_ANALYZER_NUMBER_OBJECT_CONVERSION = YES_AGGRESSIVE;
				CLANG_CXX_LANGUAGE_STANDARD = "gnu++14";
				CLANG_CXX_LIBRARY = "libc++";
				CLANG_ENABLE_MODULES = YES;
				CLANG_ENABLE_OBJC_ARC = YES;
				CLANG_ENABLE_OBJC_WEAK = YES;
				CLANG_WARN_BLOCK_CAPTURE_AUTORELEASING = YES;
				CLANG_WARN_BOOL_CONVERSION = YES;
				CLANG_WARN_COMMA = YES;
				CLANG_WARN_CONSTANT_CONVERSION = YES;
				CLANG_WARN_DEPRECATED_OBJC_IMPLEMENTATIONS = YES;
				CLANG_WARN_DIRECT_OBJC_ISA_USAGE = YES_ERROR;
				CLANG_WARN_DOCUMENTATION_COMMENTS = YES;
				CLANG_WARN_EMPTY_BODY = YES;
				CLANG_WARN_ENUM_CONVERSION = YES;
				CLANG_WARN_INFINITE_RECURSION = YES;
				CLANG_WARN_INT_CONVERSION = YES;
				CLANG_WARN_NON_LITERAL_NULL_CONVERSION = YES;
				CLANG_WARN_OBJC_IMPLICIT_RETAIN_SELF = YES;
				CLANG_WARN_OBJC_LITERAL_CONVERSION = YES;
				CLANG_WARN_OBJC_ROOT_CLASS = YES_ERROR;
				CLANG_WARN_RANGE_LOOP_ANALYSIS = YES;
				CLANG_WARN_STRICT_PROTOTYPES = YES;
				CLANG_WARN_SUSPICIOUS_MOVE = YES;
				CLANG_WARN_UNGUARDED_AVAILABILITY = YES_AGGRESSIVE;
				CLANG_WARN_UNREACHABLE_CODE = YES;
				CLANG_WARN__DUPLICATE_METHOD_MATCH = YES;
				CODE_SIGN_IDENTITY = "iPhone Developer";
				COPY_PHASE_STRIP = NO;
				DEBUG_INFORMATION_FORMAT = dwarf;
				ENABLE_STRICT_OBJC_MSGSEND = YES;
				ENABLE_TESTABILITY = YES;
				GCC_C_LANGUAGE_STANDARD = gnu11;
				GCC_DYNAMIC_NO_PIC = NO;
				GCC_NO_COMMON_BLOCKS = YES;
				GCC_OPTIMIZATION_LEVEL = 0;
				GCC_PREPROCESSOR_DEFINITIONS = (
					"DEBUG=1",
					"$(inherited)",
				);
				GCC_WARN_64_TO_32_BIT_CONVERSION = YES;
				GCC_WARN_ABOUT_RETURN_TYPE = YES_ERROR;
				GCC_WARN_UNDECLARED_SELECTOR = YES;
				GCC_WARN_UNINITIALIZED_AUTOS = YES_AGGRESSIVE;
				GCC_WARN_UNUSED_FUNCTION = YES;
				GCC_WARN_UNUSED_VARIABLE = YES;
				IPHONEOS_DEPLOYMENT_TARGET = 12.1;
				MTL_ENABLE_DEBUG_INFO = INCLUDE_SOURCE;
				MTL_FAST_MATH = YES;
				ONLY_ACTIVE_ARCH = YES;
				SDKROOT = iphoneos;
				SWIFT_ACTIVE_COMPILATION_CONDITIONS = DEBUG;
				SWIFT_OPTIMIZATION_LEVEL = "-Onone";
			};
			name = Debug;
		};
		4D2E63B621AC71470029EFB2 /* Release */ = {
			isa = XCBuildConfiguration;
			buildSettings = {
				ALWAYS_SEARCH_USER_PATHS = NO;
				CLANG_ANALYZER_NONNULL = YES;
				CLANG_ANALYZER_NUMBER_OBJECT_CONVERSION = YES_AGGRESSIVE;
				CLANG_CXX_LANGUAGE_STANDARD = "gnu++14";
				CLANG_CXX_LIBRARY = "libc++";
				CLANG_ENABLE_MODULES = YES;
				CLANG_ENABLE_OBJC_ARC = YES;
				CLANG_ENABLE_OBJC_WEAK = YES;
				CLANG_WARN_BLOCK_CAPTURE_AUTORELEASING = YES;
				CLANG_WARN_BOOL_CONVERSION = YES;
				CLANG_WARN_COMMA = YES;
				CLANG_WARN_CONSTANT_CONVERSION = YES;
				CLANG_WARN_DEPRECATED_OBJC_IMPLEMENTATIONS = YES;
				CLANG_WARN_DIRECT_OBJC_ISA_USAGE = YES_ERROR;
				CLANG_WARN_DOCUMENTATION_COMMENTS = YES;
				CLANG_WARN_EMPTY_BODY = YES;
				CLANG_WARN_ENUM_CONVERSION = YES;
				CLANG_WARN_INFINITE_RECURSION = YES;
				CLANG_WARN_INT_CONVERSION = YES;
				CLANG_WARN_NON_LITERAL_NULL_CONVERSION = YES;
				CLANG_WARN_OBJC_IMPLICIT_RETAIN_SELF = YES;
				CLANG_WARN_OBJC_LITERAL_CONVERSION = YES;
				CLANG_WARN_OBJC_ROOT_CLASS = YES_ERROR;
				CLANG_WARN_RANGE_LOOP_ANALYSIS = YES;
				CLANG_WARN_STRICT_PROTOTYPES = YES;
				CLANG_WARN_SUSPICIOUS_MOVE = YES;
				CLANG_WARN_UNGUARDED_AVAILABILITY = YES_AGGRESSIVE;
				CLANG_WARN_UNREACHABLE_CODE = YES;
				CLANG_WARN__DUPLICATE_METHOD_MATCH = YES;
				CODE_SIGN_IDENTITY = "iPhone Developer";
				COPY_PHASE_STRIP = NO;
				DEBUG_INFORMATION_FORMAT = "dwarf-with-dsym";
				ENABLE_NS_ASSERTIONS = NO;
				ENABLE_STRICT_OBJC_MSGSEND = YES;
				GCC_C_LANGUAGE_STANDARD = gnu11;
				GCC_NO_COMMON_BLOCKS = YES;
				GCC_WARN_64_TO_32_BIT_CONVERSION = YES;
				GCC_WARN_ABOUT_RETURN_TYPE = YES_ERROR;
				GCC_WARN_UNDECLARED_SELECTOR = YES;
				GCC_WARN_UNINITIALIZED_AUTOS = YES_AGGRESSIVE;
				GCC_WARN_UNUSED_FUNCTION = YES;
				GCC_WARN_UNUSED_VARIABLE = YES;
				IPHONEOS_DEPLOYMENT_TARGET = 12.1;
				MTL_ENABLE_DEBUG_INFO = NO;
				MTL_FAST_MATH = YES;
				SDKROOT = iphoneos;
				SWIFT_COMPILATION_MODE = wholemodule;
				SWIFT_OPTIMIZATION_LEVEL = "-O";
				VALIDATE_PRODUCT = YES;
			};
			name = Release;
		};
		4D2E63B821AC71470029EFB2 /* Debug */ = {
			isa = XCBuildConfiguration;
			baseConfigurationReference = C552CDA5503723AD4B55753B /* Pods-EmailValidatorRxSwift.debug.xcconfig */;
			buildSettings = {
				ASSETCATALOG_COMPILER_APPICON_NAME = AppIcon;
				CODE_SIGN_STYLE = Automatic;
				DEVELOPMENT_TEAM = L2REUD464Q;
				INFOPLIST_FILE = EmailValidatorRxSwift/Info.plist;
				LD_RUNPATH_SEARCH_PATHS = (
					"$(inherited)",
					"@executable_path/Frameworks",
				);
				PRODUCT_BUNDLE_IDENTIFIER = com.hyukhur.EmailValidatorRxSwift;
				PRODUCT_NAME = "$(TARGET_NAME)";
				SWIFT_VERSION = 4.2;
				TARGETED_DEVICE_FAMILY = "1,2";
			};
			name = Debug;
		};
		4D2E63B921AC71470029EFB2 /* Release */ = {
			isa = XCBuildConfiguration;
			baseConfigurationReference = E1DEED910D36519B68D0BD95 /* Pods-EmailValidatorRxSwift.release.xcconfig */;
			buildSettings = {
				ASSETCATALOG_COMPILER_APPICON_NAME = AppIcon;
				CODE_SIGN_STYLE = Automatic;
				DEVELOPMENT_TEAM = L2REUD464Q;
				INFOPLIST_FILE = EmailValidatorRxSwift/Info.plist;
				LD_RUNPATH_SEARCH_PATHS = (
					"$(inherited)",
					"@executable_path/Frameworks",
				);
				PRODUCT_BUNDLE_IDENTIFIER = com.hyukhur.EmailValidatorRxSwift;
				PRODUCT_NAME = "$(TARGET_NAME)";
				SWIFT_VERSION = 4.2;
				TARGETED_DEVICE_FAMILY = "1,2";
			};
			name = Release;
		};
		4D2E63BB21AC71470029EFB2 /* Debug */ = {
			isa = XCBuildConfiguration;
			baseConfigurationReference = A6BD955EB5A64226B10445E1 /* Pods-EmailValidatorRxSwiftTests.debug.xcconfig */;
			buildSettings = {
				ALWAYS_EMBED_SWIFT_STANDARD_LIBRARIES = YES;
				BUNDLE_LOADER = "$(TEST_HOST)";
				CODE_SIGN_STYLE = Automatic;
				DEVELOPMENT_TEAM = L2REUD464Q;
				INFOPLIST_FILE = EmailValidatorRxSwiftTests/Info.plist;
				LD_RUNPATH_SEARCH_PATHS = (
					"$(inherited)",
					"@executable_path/Frameworks",
					"@loader_path/Frameworks",
				);
				PRODUCT_BUNDLE_IDENTIFIER = com.hyukhur.EmailValidatorRxSwiftTests;
				PRODUCT_NAME = "$(TARGET_NAME)";
				SWIFT_VERSION = 4.2;
				TARGETED_DEVICE_FAMILY = "1,2";
				TEST_HOST = "$(BUILT_PRODUCTS_DIR)/EmailValidatorRxSwift.app/EmailValidatorRxSwift";
			};
			name = Debug;
		};
		4D2E63BC21AC71470029EFB2 /* Release */ = {
			isa = XCBuildConfiguration;
			baseConfigurationReference = 1760E5A2C98ACD48E7871B9F /* Pods-EmailValidatorRxSwiftTests.release.xcconfig */;
			buildSettings = {
				ALWAYS_EMBED_SWIFT_STANDARD_LIBRARIES = YES;
				BUNDLE_LOADER = "$(TEST_HOST)";
				CODE_SIGN_STYLE = Automatic;
				DEVELOPMENT_TEAM = L2REUD464Q;
				INFOPLIST_FILE = EmailValidatorRxSwiftTests/Info.plist;
				LD_RUNPATH_SEARCH_PATHS = (
					"$(inherited)",
					"@executable_path/Frameworks",
					"@loader_path/Frameworks",
				);
				PRODUCT_BUNDLE_IDENTIFIER = com.hyukhur.EmailValidatorRxSwiftTests;
				PRODUCT_NAME = "$(TARGET_NAME)";
				SWIFT_VERSION = 4.2;
				TARGETED_DEVICE_FAMILY = "1,2";
				TEST_HOST = "$(BUILT_PRODUCTS_DIR)/EmailValidatorRxSwift.app/EmailValidatorRxSwift";
			};
			name = Release;
		};
		4D2E63BE21AC71470029EFB2 /* Debug */ = {
			isa = XCBuildConfiguration;
			baseConfigurationReference = 708027BA286F5381FAB35093 /* Pods-EmailValidatorRxSwiftUITests.debug.xcconfig */;
			buildSettings = {
				ALWAYS_EMBED_SWIFT_STANDARD_LIBRARIES = YES;
				CODE_SIGN_STYLE = Automatic;
				DEVELOPMENT_TEAM = L2REUD464Q;
				INFOPLIST_FILE = EmailValidatorRxSwiftUITests/Info.plist;
				LD_RUNPATH_SEARCH_PATHS = (
					"$(inherited)",
					"@executable_path/Frameworks",
					"@loader_path/Frameworks",
				);
				PRODUCT_BUNDLE_IDENTIFIER = com.hyukhur.EmailValidatorRxSwiftUITests;
				PRODUCT_NAME = "$(TARGET_NAME)";
				SWIFT_VERSION = 4.2;
				TARGETED_DEVICE_FAMILY = "1,2";
				TEST_TARGET_NAME = EmailValidatorRxSwift;
			};
			name = Debug;
		};
		4D2E63BF21AC71470029EFB2 /* Release */ = {
			isa = XCBuildConfiguration;
			baseConfigurationReference = 254CA7CB8BF684FB52E0C705 /* Pods-EmailValidatorRxSwiftUITests.release.xcconfig */;
			buildSettings = {
				ALWAYS_EMBED_SWIFT_STANDARD_LIBRARIES = YES;
				CODE_SIGN_STYLE = Automatic;
				DEVELOPMENT_TEAM = L2REUD464Q;
				INFOPLIST_FILE = EmailValidatorRxSwiftUITests/Info.plist;
				LD_RUNPATH_SEARCH_PATHS = (
					"$(inherited)",
					"@executable_path/Frameworks",
					"@loader_path/Frameworks",
				);
				PRODUCT_BUNDLE_IDENTIFIER = com.hyukhur.EmailValidatorRxSwiftUITests;
				PRODUCT_NAME = "$(TARGET_NAME)";
				SWIFT_VERSION = 4.2;
				TARGETED_DEVICE_FAMILY = "1,2";
				TEST_TARGET_NAME = EmailValidatorRxSwift;
			};
			name = Release;
		};
/* End XCBuildConfiguration section */

/* Begin XCConfigurationList section */
		4D2E638821AC71460029EFB2 /* Build configuration list for PBXProject "EmailValidatorRxSwift" */ = {
			isa = XCConfigurationList;
			buildConfigurations = (
				4D2E63B521AC71470029EFB2 /* Debug */,
				4D2E63B621AC71470029EFB2 /* Release */,
			);
			defaultConfigurationIsVisible = 0;
			defaultConfigurationName = Release;
		};
		4D2E63B721AC71470029EFB2 /* Build configuration list for PBXNativeTarget "EmailValidatorRxSwift" */ = {
			isa = XCConfigurationList;
			buildConfigurations = (
				4D2E63B821AC71470029EFB2 /* Debug */,
				4D2E63B921AC71470029EFB2 /* Release */,
			);
			defaultConfigurationIsVisible = 0;
			defaultConfigurationName = Release;
		};
		4D2E63BA21AC71470029EFB2 /* Build configuration list for PBXNativeTarget "EmailValidatorRxSwiftTests" */ = {
			isa = XCConfigurationList;
			buildConfigurations = (
				4D2E63BB21AC71470029EFB2 /* Debug */,
				4D2E63BC21AC71470029EFB2 /* Release */,
			);
			defaultConfigurationIsVisible = 0;
			defaultConfigurationName = Release;
		};
		4D2E63BD21AC71470029EFB2 /* Build configuration list for PBXNativeTarget "EmailValidatorRxSwiftUITests" */ = {
			isa = XCConfigurationList;
			buildConfigurations = (
				4D2E63BE21AC71470029EFB2 /* Debug */,
				4D2E63BF21AC71470029EFB2 /* Release */,
			);
			defaultConfigurationIsVisible = 0;
			defaultConfigurationName = Release;
		};
/* End XCConfigurationList section */
	};
	rootObject = 4D2E638521AC71460029EFB2 /* Project object */;
}
